schema: '2.0'
stages:
  load:
    cmd: python src/gs_process/pipeline/dataloader.py
    deps:
    - path: params.yaml
      hash: md5
      md5: 7bafca40fc7acfd3a58f91ea83d1a07d
      size: 849
    - path: src/gs_process/pipeline/dataloader.py
      hash: md5
      md5: f8ffc899a29485af6fd0304e8f2c3148
      size: 3925
    outs:
    - path: output/cave_normalized.ply
      hash: md5
      md5: c74ab03a7be59d7b47c3d09f11880484
      size: 846049
  ransac:
    cmd: python src/gs_process/pipeline/ransac.py
    deps:
    - path: output/cave_normalized.ply
      hash: md5
      md5: c74ab03a7be59d7b47c3d09f11880484
      size: 846049
    - path: params.yaml
      hash: md5
      md5: 7bafca40fc7acfd3a58f91ea83d1a07d
      size: 849
    - path: src/gs_process/pipeline/ransac.py
      hash: md5
      md5: d881be24eff77cf5070340ac3511e4b2
      size: 3278
    outs:
    - path: output/cave_normalized_ransac_noise.ply
      hash: md5
      md5: dafcb7ec87a3ba9736e542f3a5f8ca2d
      size: 9035
    - path: output/cave_normalized_ransac_object.ply
      hash: md5
      md5: 9aee6980a01a5da1d085fd02268fe34b
      size: 837277
  dbscan:
    cmd: python src/gs_process/pipeline/dbscan.py
    deps:
    - path: output/cave_normalized_ransac_object.ply
      hash: md5
      md5: 9aee6980a01a5da1d085fd02268fe34b
      size: 837277
    - path: params.yaml
      hash: md5
      md5: 7bafca40fc7acfd3a58f91ea83d1a07d
      size: 849
    - path: src/gs_process/pipeline/dbscan.py
      hash: md5
      md5: cdc722b849ad10f8ae78e785ab4b6584
      size: 2381
    outs:
    - path: output/cave_dbscan.ply
      hash: md5
      md5: 8fac0ad640c29eecee4694cb294a1aea
      size: 837277
